
Microsoft Visual Studio Solution File, Format Version 12.00
# Visual Studio Version 16
VisualStudioVersion = 16.0.29709.97
MinimumVisualStudioVersion = 10.0.40219.1
Project("{FAE04EC0-301F-11D3-BF4B-00C04F79EFBC}") = "Rename Images", "Rename Images\Rename Images.csproj", "{7089FF97-5CAA-4E96-B619-731D408757F3}"
EndProject
Global
	GlobalSection(SolutionConfigurationPlatforms) = preSolution
		Debug|Any CPU = Debug|Any CPU
		Release|Any CPU = Release|Any CPU
	EndGlobalSection
	GlobalSection(ProjectConfigurationPlatforms) = postSolution
		{7089FF97-5CAA-4E96-B619-731D408757F3}.Debug|Any CPU.ActiveCfg = Debug|Any CPU
		{7089FF97-5CAA-4E96-B619-731D408757F3}.Debug|Any CPU.Build.0 = Debug|Any CPU
		{7089FF97-5CAA-4E96-B619-731D408757F3}.Release|Any CPU.ActiveCfg = Release|Any CPU
		{7089FF97-5CAA-4E96-B619-731D408757F3}.Release|Any CPU.Build.0 = Release|Any CPU
	EndGlobalSection
	GlobalSection(SolutionProperties) = preSolution
		HideSolutionNode = FALSE
	EndGlobalSection
	GlobalSection(ExtensibilityGlobals) = postSolution
		SolutionGuid = {1BFAA068-4E1F-4218-881B-3935ADFDE2A1}
	EndGlobalSection
EndGlobal
